{
  "pins" : [
    {
      "identity" : "radiopluginkit",
      "kind" : "remoteSourceControl",
      "location" : "https://github.com/VU3ESV/RadioPluginKit.git",
      "state" : {
        "revision" : "7d503313594c5064690cf70747ced97103abfcdf",
        "version" : "1.2.1"
      }
    }
  ],
  "version" : 2
}
