{
  "pins" : [
    {
      "identity" : "radiopluginkit",
      "kind" : "remoteSourceControl",
      "location" : "https://github.com/VU3ESV/RadioPluginKit.git",
      "state" : {
        "revision" : "37f6c91b0f83889a3360e60e2f05b1b10c8c375e",
        "version" : "1.1.0"
      }
    }
  ],
  "version" : 2
}
